
Microsoft Visual Studio Solution File, Format Version 12.00
# Visual Studio 15
VisualStudioVersion = 15.0.27004.2008
MinimumVisualStudioVersion = 10.0.40219.1
Project("{FAE04EC0-301F-11D3-BF4B-00C04F79EFBC}") = "CityInfo.Api", "CityInfo.Api\CityInfo.Api.csproj", "{1A00CB9D-CD19-4D21-A4C0-594057B83A95}"
EndProject
Global
	GlobalSection(SolutionConfigurationPlatforms) = preSolution
		Debug|Any CPU = Debug|Any CPU
		Release|Any CPU = Release|Any CPU
	EndGlobalSection
	GlobalSection(ProjectConfigurationPlatforms) = postSolution
		{1A00CB9D-CD19-4D21-A4C0-594057B83A95}.Debug|Any CPU.ActiveCfg = Debug|Any CPU
		{1A00CB9D-CD19-4D21-A4C0-594057B83A95}.Debug|Any CPU.Build.0 = Debug|Any CPU
		{1A00CB9D-CD19-4D21-A4C0-594057B83A95}.Release|Any CPU.ActiveCfg = Release|Any CPU
		{1A00CB9D-CD19-4D21-A4C0-594057B83A95}.Release|Any CPU.Build.0 = Release|Any CPU
	EndGlobalSection
	GlobalSection(SolutionProperties) = preSolution
		HideSolutionNode = FALSE
	EndGlobalSection
	GlobalSection(ExtensibilityGlobals) = postSolution
		SolutionGuid = {5B07BC39-BCF7-4C7D-86E3-44851A959C81}
	EndGlobalSection
EndGlobal
